
Microsoft Visual Studio Solution File, Format Version 12.00
# Visual Studio Version 16
VisualStudioVersion = 16.0.29613.14
MinimumVisualStudioVersion = 10.0.40219.1
Project("{FAE04EC0-301F-11D3-BF4B-00C04F79EFBC}") = "App238.iOS", "App238\App238.iOS\App238.iOS.csproj", "{B53C9F19-84E1-4B7C-A7D3-8612C25C6151}"
EndProject
Project("{FAE04EC0-301F-11D3-BF4B-00C04F79EFBC}") = "App238", "App238\App238\App238.csproj", "{20686217-C3A4-441E-A1F0-11DBAD2BE597}"
EndProject
Global
	GlobalSection(SolutionConfigurationPlatforms) = preSolution
		Debug|Any CPU = Debug|Any CPU
		Debug|iPhone = Debug|iPhone
		Debug|iPhoneSimulator = Debug|iPhoneSimulator
		Release|Any CPU = Release|Any CPU
		Release|iPhone = Release|iPhone
		Release|iPhoneSimulator = Release|iPhoneSimulator
	EndGlobalSection
	GlobalSection(ProjectConfigurationPlatforms) = postSolution
		{B53C9F19-84E1-4B7C-A7D3-8612C25C6151}.Debug|Any CPU.ActiveCfg = Debug|iPhone
		{B53C9F19-84E1-4B7C-A7D3-8612C25C6151}.Debug|Any CPU.Build.0 = Debug|iPhone
		{B53C9F19-84E1-4B7C-A7D3-8612C25C6151}.Debug|Any CPU.Deploy.0 = Debug|iPhone
		{B53C9F19-84E1-4B7C-A7D3-8612C25C6151}.Debug|iPhone.ActiveCfg = Debug|iPhone
		{B53C9F19-84E1-4B7C-A7D3-8612C25C6151}.Debug|iPhone.Build.0 = Debug|iPhone
		{B53C9F19-84E1-4B7C-A7D3-8612C25C6151}.Debug|iPhone.Deploy.0 = Debug|iPhone
		{B53C9F19-84E1-4B7C-A7D3-8612C25C6151}.Debug|iPhoneSimulator.ActiveCfg = Debug|iPhoneSimulator
		{B53C9F19-84E1-4B7C-A7D3-8612C25C6151}.Debug|iPhoneSimulator.Build.0 = Debug|iPhoneSimulator
		{B53C9F19-84E1-4B7C-A7D3-8612C25C6151}.Debug|iPhoneSimulator.Deploy.0 = Debug|iPhoneSimulator
		{B53C9F19-84E1-4B7C-A7D3-8612C25C6151}.Release|Any CPU.ActiveCfg = Release|iPhone
		{B53C9F19-84E1-4B7C-A7D3-8612C25C6151}.Release|Any CPU.Build.0 = Release|iPhone
		{B53C9F19-84E1-4B7C-A7D3-8612C25C6151}.Release|Any CPU.Deploy.0 = Release|iPhone
		{B53C9F19-84E1-4B7C-A7D3-8612C25C6151}.Release|iPhone.ActiveCfg = Release|iPhone
		{B53C9F19-84E1-4B7C-A7D3-8612C25C6151}.Release|iPhone.Build.0 = Release|iPhone
		{B53C9F19-84E1-4B7C-A7D3-8612C25C6151}.Release|iPhone.Deploy.0 = Release|iPhone
		{B53C9F19-84E1-4B7C-A7D3-8612C25C6151}.Release|iPhoneSimulator.ActiveCfg = Release|iPhoneSimulator
		{B53C9F19-84E1-4B7C-A7D3-8612C25C6151}.Release|iPhoneSimulator.Build.0 = Release|iPhoneSimulator
		{B53C9F19-84E1-4B7C-A7D3-8612C25C6151}.Release|iPhoneSimulator.Deploy.0 = Release|iPhoneSimulator
		{20686217-C3A4-441E-A1F0-11DBAD2BE597}.Debug|Any CPU.ActiveCfg = Debug|Any CPU
		{20686217-C3A4-441E-A1F0-11DBAD2BE597}.Debug|Any CPU.Build.0 = Debug|Any CPU
		{20686217-C3A4-441E-A1F0-11DBAD2BE597}.Debug|Any CPU.Deploy.0 = Debug|Any CPU
		{20686217-C3A4-441E-A1F0-11DBAD2BE597}.Debug|iPhone.ActiveCfg = Debug|Any CPU
		{20686217-C3A4-441E-A1F0-11DBAD2BE597}.Debug|iPhone.Build.0 = Debug|Any CPU
		{20686217-C3A4-441E-A1F0-11DBAD2BE597}.Debug|iPhone.Deploy.0 = Debug|Any CPU
		{20686217-C3A4-441E-A1F0-11DBAD2BE597}.Debug|iPhoneSimulator.ActiveCfg = Debug|Any CPU
		{20686217-C3A4-441E-A1F0-11DBAD2BE597}.Debug|iPhoneSimulator.Build.0 = Debug|Any CPU
		{20686217-C3A4-441E-A1F0-11DBAD2BE597}.Debug|iPhoneSimulator.Deploy.0 = Debug|Any CPU
		{20686217-C3A4-441E-A1F0-11DBAD2BE597}.Release|Any CPU.ActiveCfg = Release|Any CPU
		{20686217-C3A4-441E-A1F0-11DBAD2BE597}.Release|Any CPU.Build.0 = Release|Any CPU
		{20686217-C3A4-441E-A1F0-11DBAD2BE597}.Release|Any CPU.Deploy.0 = Release|Any CPU
		{20686217-C3A4-441E-A1F0-11DBAD2BE597}.Release|iPhone.ActiveCfg = Release|Any CPU
		{20686217-C3A4-441E-A1F0-11DBAD2BE597}.Release|iPhone.Build.0 = Release|Any CPU
		{20686217-C3A4-441E-A1F0-11DBAD2BE597}.Release|iPhone.Deploy.0 = Release|Any CPU
		{20686217-C3A4-441E-A1F0-11DBAD2BE597}.Release|iPhoneSimulator.ActiveCfg = Release|Any CPU
		{20686217-C3A4-441E-A1F0-11DBAD2BE597}.Release|iPhoneSimulator.Build.0 = Release|Any CPU
		{20686217-C3A4-441E-A1F0-11DBAD2BE597}.Release|iPhoneSimulator.Deploy.0 = Release|Any CPU
	EndGlobalSection
	GlobalSection(SolutionProperties) = preSolution
		HideSolutionNode = FALSE
	EndGlobalSection
	GlobalSection(ExtensibilityGlobals) = postSolution
		SolutionGuid = {9A2F54FF-4580-464B-A953-ADA343494301}
	EndGlobalSection
EndGlobal
